
Microsoft Visual Studio Solution File, Format Version 12.00
# Visual Studio 2013
VisualStudioVersion = 12.0.21005.1
MinimumVisualStudioVersion = 10.0.40219.1
Project("{FAE04EC0-301F-11D3-BF4B-00C04F79EFBC}") = "EATMVC.DAL", "EATMVC.DAL\EATMVC.DAL.csproj", "{5D32C77F-12BE-4E5F-8E19-7345D0219049}"
EndProject
Project("{FAE04EC0-301F-11D3-BF4B-00C04F79EFBC}") = "EATMVC.BLL", "EATMVC.BLL\EATMVC.BLL.csproj", "{8ECCAA5C-2FED-43DE-9EFB-9BD5C863BFF9}"
EndProject
Project("{FAE04EC0-301F-11D3-BF4B-00C04F79EFBC}") = "EATMVC.IBLL", "EATMVC.IBLL\EATMVC.IBLL.csproj", "{68E7794F-CC2D-4CD3-8A89-FEB27A2F2DBC}"
EndProject
Project("{FAE04EC0-301F-11D3-BF4B-00C04F79EFBC}") = "EATMVC.Model", "EATMVC.Model\EATMVC.Model.csproj", "{3178155F-3EAD-422E-B917-BABB445418BC}"
EndProject
Project("{FAE04EC0-301F-11D3-BF4B-00C04F79EFBC}") = "EATMVC.WebApplication", "EATMVC.WebApplication\EATMVC.WebApplication.csproj", "{00BEFF0B-A932-433F-AA43-96563CAA50CE}"
EndProject
Project("{FAE04EC0-301F-11D3-BF4B-00C04F79EFBC}") = "Model", "Model\Model.csproj", "{6E903CD3-A865-4587-B8B0-D46D68347A3D}"
EndProject
Project("{FAE04EC0-301F-11D3-BF4B-00C04F79EFBC}") = "DAL", "DAL\DAL.csproj", "{EF8A1441-993F-422C-871F-24583B878C9E}"
EndProject
Project("{FAE04EC0-301F-11D3-BF4B-00C04F79EFBC}") = "BLL", "BLL\BLL.csproj", "{EF202C3B-E7E5-4D94-AE7B-A0CF262DE7CD}"
EndProject
Project("{FAE04EC0-301F-11D3-BF4B-00C04F79EFBC}") = "Common", "Common\Common.csproj", "{ECDAEA6B-3C03-400B-85C3-85EEDCFD88FA}"
EndProject
Project("{FAE04EC0-301F-11D3-BF4B-00C04F79EFBC}") = "EATMVC.IDAL", "EATMVC.IDAL\EATMVC.IDAL.csproj", "{E3CFA8EE-8260-4198-8FB4-0AB57C79FD8E}"
EndProject
Project("{2150E333-8FDC-42A3-9474-1A3956D46DE8}") = "GP_System", "GP_System", "{39C04358-59C9-4BF1-A7B4-0B6B4842559A}"
EndProject
Global
	GlobalSection(SolutionConfigurationPlatforms) = preSolution
		Debug|Any CPU = Debug|Any CPU
		Release|Any CPU = Release|Any CPU
	EndGlobalSection
	GlobalSection(ProjectConfigurationPlatforms) = postSolution
		{5D32C77F-12BE-4E5F-8E19-7345D0219049}.Debug|Any CPU.ActiveCfg = Debug|Any CPU
		{5D32C77F-12BE-4E5F-8E19-7345D0219049}.Debug|Any CPU.Build.0 = Debug|Any CPU
		{5D32C77F-12BE-4E5F-8E19-7345D0219049}.Release|Any CPU.ActiveCfg = Release|Any CPU
		{5D32C77F-12BE-4E5F-8E19-7345D0219049}.Release|Any CPU.Build.0 = Release|Any CPU
		{8ECCAA5C-2FED-43DE-9EFB-9BD5C863BFF9}.Debug|Any CPU.ActiveCfg = Debug|Any CPU
		{8ECCAA5C-2FED-43DE-9EFB-9BD5C863BFF9}.Debug|Any CPU.Build.0 = Debug|Any CPU
		{8ECCAA5C-2FED-43DE-9EFB-9BD5C863BFF9}.Release|Any CPU.ActiveCfg = Release|Any CPU
		{8ECCAA5C-2FED-43DE-9EFB-9BD5C863BFF9}.Release|Any CPU.Build.0 = Release|Any CPU
		{68E7794F-CC2D-4CD3-8A89-FEB27A2F2DBC}.Debug|Any CPU.ActiveCfg = Debug|Any CPU
		{68E7794F-CC2D-4CD3-8A89-FEB27A2F2DBC}.Debug|Any CPU.Build.0 = Debug|Any CPU
		{68E7794F-CC2D-4CD3-8A89-FEB27A2F2DBC}.Release|Any CPU.ActiveCfg = Release|Any CPU
		{68E7794F-CC2D-4CD3-8A89-FEB27A2F2DBC}.Release|Any CPU.Build.0 = Release|Any CPU
		{3178155F-3EAD-422E-B917-BABB445418BC}.Debug|Any CPU.ActiveCfg = Debug|Any CPU
		{3178155F-3EAD-422E-B917-BABB445418BC}.Debug|Any CPU.Build.0 = Debug|Any CPU
		{3178155F-3EAD-422E-B917-BABB445418BC}.Release|Any CPU.ActiveCfg = Release|Any CPU
		{3178155F-3EAD-422E-B917-BABB445418BC}.Release|Any CPU.Build.0 = Release|Any CPU
		{00BEFF0B-A932-433F-AA43-96563CAA50CE}.Debug|Any CPU.ActiveCfg = Debug|Any CPU
		{00BEFF0B-A932-433F-AA43-96563CAA50CE}.Debug|Any CPU.Build.0 = Debug|Any CPU
		{00BEFF0B-A932-433F-AA43-96563CAA50CE}.Release|Any CPU.ActiveCfg = Release|Any CPU
		{00BEFF0B-A932-433F-AA43-96563CAA50CE}.Release|Any CPU.Build.0 = Release|Any CPU
		{6E903CD3-A865-4587-B8B0-D46D68347A3D}.Debug|Any CPU.ActiveCfg = Debug|Any CPU
		{6E903CD3-A865-4587-B8B0-D46D68347A3D}.Debug|Any CPU.Build.0 = Debug|Any CPU
		{6E903CD3-A865-4587-B8B0-D46D68347A3D}.Release|Any CPU.ActiveCfg = Release|Any CPU
		{6E903CD3-A865-4587-B8B0-D46D68347A3D}.Release|Any CPU.Build.0 = Release|Any CPU
		{EF8A1441-993F-422C-871F-24583B878C9E}.Debug|Any CPU.ActiveCfg = Debug|Any CPU
		{EF8A1441-993F-422C-871F-24583B878C9E}.Debug|Any CPU.Build.0 = Debug|Any CPU
		{EF8A1441-993F-422C-871F-24583B878C9E}.Release|Any CPU.ActiveCfg = Release|Any CPU
		{EF8A1441-993F-422C-871F-24583B878C9E}.Release|Any CPU.Build.0 = Release|Any CPU
		{EF202C3B-E7E5-4D94-AE7B-A0CF262DE7CD}.Debug|Any CPU.ActiveCfg = Debug|Any CPU
		{EF202C3B-E7E5-4D94-AE7B-A0CF262DE7CD}.Debug|Any CPU.Build.0 = Debug|Any CPU
		{EF202C3B-E7E5-4D94-AE7B-A0CF262DE7CD}.Release|Any CPU.ActiveCfg = Release|Any CPU
		{EF202C3B-E7E5-4D94-AE7B-A0CF262DE7CD}.Release|Any CPU.Build.0 = Release|Any CPU
		{ECDAEA6B-3C03-400B-85C3-85EEDCFD88FA}.Debug|Any CPU.ActiveCfg = Debug|Any CPU
		{ECDAEA6B-3C03-400B-85C3-85EEDCFD88FA}.Debug|Any CPU.Build.0 = Debug|Any CPU
		{ECDAEA6B-3C03-400B-85C3-85EEDCFD88FA}.Release|Any CPU.ActiveCfg = Release|Any CPU
		{ECDAEA6B-3C03-400B-85C3-85EEDCFD88FA}.Release|Any CPU.Build.0 = Release|Any CPU
		{E3CFA8EE-8260-4198-8FB4-0AB57C79FD8E}.Debug|Any CPU.ActiveCfg = Debug|Any CPU
		{E3CFA8EE-8260-4198-8FB4-0AB57C79FD8E}.Debug|Any CPU.Build.0 = Debug|Any CPU
		{E3CFA8EE-8260-4198-8FB4-0AB57C79FD8E}.Release|Any CPU.ActiveCfg = Release|Any CPU
		{E3CFA8EE-8260-4198-8FB4-0AB57C79FD8E}.Release|Any CPU.Build.0 = Release|Any CPU
	EndGlobalSection
	GlobalSection(SolutionProperties) = preSolution
		HideSolutionNode = FALSE
	EndGlobalSection
	GlobalSection(NestedProjects) = preSolution
		{EF202C3B-E7E5-4D94-AE7B-A0CF262DE7CD} = {39C04358-59C9-4BF1-A7B4-0B6B4842559A}
		{EF8A1441-993F-422C-871F-24583B878C9E} = {39C04358-59C9-4BF1-A7B4-0B6B4842559A}
		{6E903CD3-A865-4587-B8B0-D46D68347A3D} = {39C04358-59C9-4BF1-A7B4-0B6B4842559A}
	EndGlobalSection
EndGlobal
